{
  "name": "vifixa-ai-tests",
  "version": "1.0.0",
  "lockfileVersion": 3,
  "requires": true,
  "packages": {
    "": {
      "name": "vifixa-ai-tests",
      "version": "1.0.0",
      "devDependencies": {
        "deno": "^1.40.0",
        "typescript": "^6.0.3"
      }
    },
    "node_modules/.deno/deno@1.46.3/node_modules/deno": {
      "version": "1.46.3",
      "dev": true,
      "hasInstallScript": true,
      "license": "MIT",
      "bin": {
        "deno": "bin.cjs"
      },
      "optionalDependencies": {
        "@deno/darwin-arm64": "1.46.3",
        "@deno/darwin-x64": "1.46.3",
        "@deno/linux-arm64-glibc": "1.46.3",
        "@deno/linux-x64-glibc": "1.46.3",
        "@deno/win32-arm64": "1.46.3",
        "@deno/win32-x64": "1.46.3"
      }
    },
    "node_modules/@deno/darwin-arm64": {
      "version": "1.46.3",
      "resolved": "https://registry.npmjs.org/@deno/darwin-arm64/-/darwin-arm64-1.46.3.tgz",
      "integrity": "sha512-zfE9cekWKFatDXl7ylij0PaABHG6BttYRRM2QvMCXiCDGrug6pUGX+ugeEf5ypx+PwXuOyo8Y/anYfxs+9nFcw==",
      "cpu": [
        "arm64"
      ],
      "dev": true,
      "license": "MIT",
      "optional": true,
      "os": [
        "darwin"
      ]
    },
    "node_modules/@deno/darwin-x64": {
      "version": "1.46.3",
      "resolved": "https://registry.npmjs.org/@deno/darwin-x64/-/darwin-x64-1.46.3.tgz",
      "integrity": "sha512-0FMSLIrMLYOBEv5DPAMzBRh4ZJG1emVkNLp6gY59NaCcm/ApiBpVf7AM7o7UswlCllp7sYgJyB9a/1MYmpxh8Q==",
      "cpu": [
        "x64"
      ],
      "dev": true,
      "license": "MIT",
      "optional": true,
      "os": [
        "darwin"
      ]
    },
    "node_modules/@deno/linux-arm64-glibc": {
      "version": "1.46.3",
      "resolved": "https://registry.npmjs.org/@deno/linux-arm64-glibc/-/linux-arm64-glibc-1.46.3.tgz",
      "integrity": "sha512-Y1VyxIYugemGX9IY1T0aqK1lamZJ5EDSEGnJRD77nGAk6nrvQu+3y/QSEaVlHomTHI4jzuFOVPhW4fnhI7c1Tw==",
      "cpu": [
        "arm64"
      ],
      "dev": true,
      "license": "MIT",
      "optional": true,
      "os": [
        "linux"
      ]
    },
    "node_modules/@deno/linux-x64-glibc": {
      "version": "1.46.3",
      "resolved": "https://registry.npmjs.org/@deno/linux-x64-glibc/-/linux-x64-glibc-1.46.3.tgz",
      "integrity": "sha512-2z8O02jFnmFapHbSmS7Xg0/MIVhhpNCULqnqTdFHQYXRweIpQu5Hcf0WHCjW4bZstl5Y50bGjQHQFwTKbEo1Kg==",
      "cpu": [
        "x64"
      ],
      "dev": true,
      "license": "MIT",
      "optional": true,
      "os": [
        "linux"
      ]
    },
    "node_modules/@deno/win32-arm64": {
      "version": "1.46.3",
      "resolved": "https://registry.npmjs.org/@deno/win32-arm64/-/win32-arm64-1.46.3.tgz",
      "integrity": "sha512-TCySDENdn3SmIAt9vi7tJu3Pav0qcFjLoWmPmnK2Yq0zjhfTMj2H0xkbBVy7+NSOKeW/L/dCOujHPVrkwvo0yQ==",
      "cpu": [
        "arm64"
      ],
      "dev": true,
      "license": "MIT",
      "optional": true,
      "os": [
        "win32"
      ]
    },
    "node_modules/@deno/win32-x64": {
      "version": "1.46.3",
      "resolved": "https://registry.npmjs.org/@deno/win32-x64/-/win32-x64-1.46.3.tgz",
      "integrity": "sha512-W6yc6y+Y5lmPH74rcI2tRQqyqIcfR4G+cn634yHcID9m/8pMqioKt5N6Esa3OgT/+aiZ4+hRJJPLfEc0Rz8yiQ==",
      "cpu": [
        "x64"
      ],
      "dev": true,
      "license": "MIT",
      "optional": true,
      "os": [
        "win32"
      ]
    },
    "node_modules/deno": {
      "resolved": "node_modules/.deno/deno@1.46.3/node_modules/deno",
      "link": true
    },
    "node_modules/typescript": {
      "version": "6.0.3",
      "resolved": "https://registry.npmjs.org/typescript/-/typescript-6.0.3.tgz",
      "integrity": "sha512-y2TvuxSZPDyQakkFRPZHKFm+KKVqIisdg9/CZwm9ftvKXLP8NRWj38/ODjNbr43SsoXqNuAisEf1GdCxqWcdBw==",
      "dev": true,
      "license": "Apache-2.0",
      "bin": {
        "tsc": "bin/tsc",
        "tsserver": "bin/tsserver"
      },
      "engines": {
        "node": ">=14.17"
      }
    }
  }
}
